
Microsoft Visual Studio Solution File, Format Version 12.00
# Visual Studio Version 17
VisualStudioVersion = 17.9.34728.123
MinimumVisualStudioVersion = 10.0.40219.1
Project("{FAE04EC0-301F-11D3-BF4B-00C04F79EFBC}") = "midtermPrepa", "midtermPrepa\midtermPrepa.csproj", "{02A1D344-D89C-4FFD-AE56-E1BB914902DE}"
EndProject
Global
	GlobalSection(SolutionConfigurationPlatforms) = preSolution
		Debug|Any CPU = Debug|Any CPU
		Release|Any CPU = Release|Any CPU
	EndGlobalSection
	GlobalSection(ProjectConfigurationPlatforms) = postSolution
		{02A1D344-D89C-4FFD-AE56-E1BB914902DE}.Debug|Any CPU.ActiveCfg = Debug|Any CPU
		{02A1D344-D89C-4FFD-AE56-E1BB914902DE}.Debug|Any CPU.Build.0 = Debug|Any CPU
		{02A1D344-D89C-4FFD-AE56-E1BB914902DE}.Release|Any CPU.ActiveCfg = Release|Any CPU
		{02A1D344-D89C-4FFD-AE56-E1BB914902DE}.Release|Any CPU.Build.0 = Release|Any CPU
	EndGlobalSection
	GlobalSection(SolutionProperties) = preSolution
		HideSolutionNode = FALSE
	EndGlobalSection
	GlobalSection(ExtensibilityGlobals) = postSolution
		SolutionGuid = {CBA1D7CF-E819-41A9-AB61-D7B6517622A4}
	EndGlobalSection
EndGlobal
